# THIS IS AN AUTOGENERATED FILE. DO NOT EDIT THIS FILE DIRECTLY.
# yarn lockfile v1


bluebird@3.5.x:
  version "3.5.1"
  resolved "https://registry.yarnpkg.com/bluebird/-/bluebird-3.5.1.tgz#d9551f9de98f1fcda1e683d17ee91a0602ee2eb9"

body@^5.1.0:
  version "5.1.0"
  resolved "https://registry.yarnpkg.com/body/-/body-5.1.0.tgz#e4ba0ce410a46936323367609ecb4e6553125069"
  dependencies:
    continuable-cache "^0.3.1"
    error "^7.0.0"
    raw-body "~1.1.0"
    safe-json-parse "~1.0.1"

bytes@1:
  version "1.0.0"
  resolved "https://registry.yarnpkg.com/bytes/-/bytes-1.0.0.tgz#3569ede8ba34315fab99c3e92cb04c7220de1fa8"

content-type@^1.0.2:
  version "1.0.4"
  resolved "https://registry.yarnpkg.com/content-type/-/content-type-1.0.4.tgz#e138cc75e040c727b1966fe5e5f8c9aee256fe3b"

continuable-cache@^0.3.1:
  version "0.3.1"
  resolved "https://registry.yarnpkg.com/continuable-cache/-/continuable-cache-0.3.1.tgz#bd727a7faed77e71ff3985ac93351a912733ad0f"

error@^7.0.0:
  version "7.0.2"
  resolved "https://registry.yarnpkg.com/error/-/error-7.0.2.tgz#a5f75fff4d9926126ddac0ea5dc38e689153cb02"
  dependencies:
    string-template "~0.2.1"
    xtend "~4.0.0"

isarray@0.0.1:
  version "0.0.1"
  resolved "https://registry.yarnpkg.com/isarray/-/isarray-0.0.1.tgz#8a18acfca9a8f4177e09abfc6038939b05d1eedf"

mime@1.3.x:
  version "1.3.6"
  resolved "https://registry.yarnpkg.com/mime/-/mime-1.3.6.tgz#591d84d3653a6b0b4a3b9df8de5aa8108e72e5e0"

path-to-regexp@^1.2.1:
  version "1.7.0"
  resolved "https://registry.yarnpkg.com/path-to-regexp/-/path-to-regexp-1.7.0.tgz#59fde0f435badacba103a84e9d3bc64e96b9937d"
  dependencies:
    isarray "0.0.1"

raw-body@~1.1.0:
  version "1.1.7"
  resolved "https://registry.yarnpkg.com/raw-body/-/raw-body-1.1.7.tgz#1d027c2bfa116acc6623bca8f00016572a87d425"
  dependencies:
    bytes "1"
    string_decoder "0.10"

safe-json-parse@~1.0.1:
  version "1.0.1"
  resolved "https://registry.yarnpkg.com/safe-json-parse/-/safe-json-parse-1.0.1.tgz#3e76723e38dfdda13c9b1d29a1e07ffee4b30b57"

spirit-body@^1.2.2:
  version "1.2.2"
  resolved "https://registry.yarnpkg.com/spirit-body/-/spirit-body-1.2.2.tgz#5272f42eda56b389c689d749048f84064ccef159"
  dependencies:
    body "^5.1.0"
    content-type "^1.0.2"

spirit-router@^0.5.0:
  version "0.5.0"
  resolved "https://registry.yarnpkg.com/spirit-router/-/spirit-router-0.5.0.tgz#1262bdcef983d31b859e4e6828f7cc97d61d4b2c"
  dependencies:
    bluebird "3.5.x"
    path-to-regexp "^1.2.1"
    spirit "0.6.x"

spirit@0.6.x, spirit@^0.6.1:
  version "0.6.1"
  resolved "https://registry.yarnpkg.com/spirit/-/spirit-0.6.1.tgz#2022a17904061dd5bb055497f175027efdd7be7b"
  dependencies:
    bluebird "3.5.x"
    mime "1.3.x"

string-template@~0.2.1:
  version "0.2.1"
  resolved "https://registry.yarnpkg.com/string-template/-/string-template-0.2.1.tgz#42932e598a352d01fc22ec3367d9d84eec6c9add"

string_decoder@0.10:
  version "0.10.31"
  resolved "https://registry.yarnpkg.com/string_decoder/-/string_decoder-0.10.31.tgz#62e203bc41766c6c28c9fc84301dab1c5310fa94"

xtend@~4.0.0:
  version "4.0.1"
  resolved "https://registry.yarnpkg.com/xtend/-/xtend-4.0.1.tgz#a5c6d532be656e23db820efb943a1f04998d63af"
